
Microsoft Visual Studio Solution File, Format Version 12.00
# Visual Studio Version 17
VisualStudioVersion = 17.3.32825.248
MinimumVisualStudioVersion = 10.0.40219.1
Project("{9A19103F-16F7-4668-BE54-9A1E7A4F7556}") = "CBTeam.API", "CBTeam.API\CBTeam.API.csproj", "{749D1CFF-45F9-4191-AE64-30DB0CA4FF52}"
EndProject
Project("{9A19103F-16F7-4668-BE54-9A1E7A4F7556}") = "CBTeam.Application", "CBTeam.Application\CBTeam.Application.csproj", "{9C93E960-C5D4-49CC-9032-1856825696E3}"
EndProject
Project("{9A19103F-16F7-4668-BE54-9A1E7A4F7556}") = "CBTeam.Infrastructure", "CBTeam.Infrastucture\CBTeam.Infrastructure.csproj", "{9214FFB9-C420-4FBE-8D46-A102CD95C95E}"
EndProject
Project("{9A19103F-16F7-4668-BE54-9A1E7A4F7556}") = "CBTeam.Domain", "CBTeam.Domain\CBTeam.Domain.csproj", "{5EB1BA69-6F4B-4EED-AD09-33409C81B077}"
EndProject
Project("{FAE04EC0-301F-11D3-BF4B-00C04F79EFBC}") = "CBTeam.Test", "CBTeam.Test\CBTeam.Test.csproj", "{CA9E407E-35F0-43E1-A548-459955B4499B}"
EndProject
Global
	GlobalSection(SolutionConfigurationPlatforms) = preSolution
		Debug|Any CPU = Debug|Any CPU
		Release|Any CPU = Release|Any CPU
	EndGlobalSection
	GlobalSection(ProjectConfigurationPlatforms) = postSolution
		{749D1CFF-45F9-4191-AE64-30DB0CA4FF52}.Debug|Any CPU.ActiveCfg = Debug|Any CPU
		{749D1CFF-45F9-4191-AE64-30DB0CA4FF52}.Debug|Any CPU.Build.0 = Debug|Any CPU
		{749D1CFF-45F9-4191-AE64-30DB0CA4FF52}.Release|Any CPU.ActiveCfg = Release|Any CPU
		{749D1CFF-45F9-4191-AE64-30DB0CA4FF52}.Release|Any CPU.Build.0 = Release|Any CPU
		{9C93E960-C5D4-49CC-9032-1856825696E3}.Debug|Any CPU.ActiveCfg = Debug|Any CPU
		{9C93E960-C5D4-49CC-9032-1856825696E3}.Debug|Any CPU.Build.0 = Debug|Any CPU
		{9C93E960-C5D4-49CC-9032-1856825696E3}.Release|Any CPU.ActiveCfg = Release|Any CPU
		{9C93E960-C5D4-49CC-9032-1856825696E3}.Release|Any CPU.Build.0 = Release|Any CPU
		{9214FFB9-C420-4FBE-8D46-A102CD95C95E}.Debug|Any CPU.ActiveCfg = Debug|Any CPU
		{9214FFB9-C420-4FBE-8D46-A102CD95C95E}.Debug|Any CPU.Build.0 = Debug|Any CPU
		{9214FFB9-C420-4FBE-8D46-A102CD95C95E}.Release|Any CPU.ActiveCfg = Release|Any CPU
		{9214FFB9-C420-4FBE-8D46-A102CD95C95E}.Release|Any CPU.Build.0 = Release|Any CPU
		{5EB1BA69-6F4B-4EED-AD09-33409C81B077}.Debug|Any CPU.ActiveCfg = Debug|Any CPU
		{5EB1BA69-6F4B-4EED-AD09-33409C81B077}.Debug|Any CPU.Build.0 = Debug|Any CPU
		{5EB1BA69-6F4B-4EED-AD09-33409C81B077}.Release|Any CPU.ActiveCfg = Release|Any CPU
		{5EB1BA69-6F4B-4EED-AD09-33409C81B077}.Release|Any CPU.Build.0 = Release|Any CPU
		{CA9E407E-35F0-43E1-A548-459955B4499B}.Debug|Any CPU.ActiveCfg = Debug|Any CPU
		{CA9E407E-35F0-43E1-A548-459955B4499B}.Debug|Any CPU.Build.0 = Debug|Any CPU
		{CA9E407E-35F0-43E1-A548-459955B4499B}.Release|Any CPU.ActiveCfg = Release|Any CPU
		{CA9E407E-35F0-43E1-A548-459955B4499B}.Release|Any CPU.Build.0 = Release|Any CPU
	EndGlobalSection
	GlobalSection(SolutionProperties) = preSolution
		HideSolutionNode = FALSE
	EndGlobalSection
	GlobalSection(ExtensibilityGlobals) = postSolution
		SolutionGuid = {B3B531FB-CBA6-4FA1-923C-1447C4A8D66D}
	EndGlobalSection
EndGlobal
